
Microsoft Visual Studio Solution File, Format Version 12.00
# Visual Studio 14
VisualStudioVersion = 14.0.24720.0
MinimumVisualStudioVersion = 10.0.40219.1
Project("{FAE04EC0-301F-11D3-BF4B-00C04F79EFBC}") = "AzureSQLDWDeploy", "SQLDeploy\AzureSQLDWDeploy.csproj", "{426C08D0-82F9-4051-9BEA-2EA718E5352D}"
EndProject
Project("{FAE04EC0-301F-11D3-BF4B-00C04F79EFBC}") = "FixSchemaNames", "FixSchemaNames\FixSchemaNames.csproj", "{254E7153-A642-41E1-83B7-16A17C4C1D5B}"
EndProject
Project("{FAE04EC0-301F-11D3-BF4B-00C04F79EFBC}") = "CreateDBObjects", "CreateStoredProcedures\CreateDBObjects.csproj", "{2373BE6B-125F-475C-B384-11FB4CF2FD42}"
EndProject
Global
	GlobalSection(SolutionConfigurationPlatforms) = preSolution
		Debug|Any CPU = Debug|Any CPU
		Release|Any CPU = Release|Any CPU
	EndGlobalSection
	GlobalSection(ProjectConfigurationPlatforms) = postSolution
		{426C08D0-82F9-4051-9BEA-2EA718E5352D}.Debug|Any CPU.ActiveCfg = Debug|Any CPU
		{426C08D0-82F9-4051-9BEA-2EA718E5352D}.Debug|Any CPU.Build.0 = Debug|Any CPU
		{426C08D0-82F9-4051-9BEA-2EA718E5352D}.Release|Any CPU.ActiveCfg = Release|Any CPU
		{426C08D0-82F9-4051-9BEA-2EA718E5352D}.Release|Any CPU.Build.0 = Release|Any CPU
		{254E7153-A642-41E1-83B7-16A17C4C1D5B}.Debug|Any CPU.ActiveCfg = Debug|Any CPU
		{254E7153-A642-41E1-83B7-16A17C4C1D5B}.Debug|Any CPU.Build.0 = Debug|Any CPU
		{254E7153-A642-41E1-83B7-16A17C4C1D5B}.Release|Any CPU.ActiveCfg = Release|Any CPU
		{254E7153-A642-41E1-83B7-16A17C4C1D5B}.Release|Any CPU.Build.0 = Release|Any CPU
		{2373BE6B-125F-475C-B384-11FB4CF2FD42}.Debug|Any CPU.ActiveCfg = Debug|Any CPU
		{2373BE6B-125F-475C-B384-11FB4CF2FD42}.Debug|Any CPU.Build.0 = Debug|Any CPU
		{2373BE6B-125F-475C-B384-11FB4CF2FD42}.Release|Any CPU.ActiveCfg = Release|Any CPU
		{2373BE6B-125F-475C-B384-11FB4CF2FD42}.Release|Any CPU.Build.0 = Release|Any CPU
	EndGlobalSection
	GlobalSection(SolutionProperties) = preSolution
		HideSolutionNode = FALSE
	EndGlobalSection
EndGlobal
